
Microsoft Visual Studio Solution File, Format Version 12.00
# Visual Studio 15
Project("{FAE04EC0-301F-11D3-BF4B-00C04F79EFBC}") = "Assembly-CSharp-firstpass", "Assembly-CSharp-firstpass.csproj", "{2CDB5991-F512-0919-DF2E-96FBE8593EC8}"
EndProject
Project("{FAE04EC0-301F-11D3-BF4B-00C04F79EFBC}") = "QFSW.QC.Grammar", "QFSW.QC.Grammar.csproj", "{3AA0C933-7D48-CE3B-2FF7-1ACB6B5554A1}"
EndProject
Project("{FAE04EC0-301F-11D3-BF4B-00C04F79EFBC}") = "AK.Wwise.Unity.API.WwiseTypes", "AK.Wwise.Unity.API.WwiseTypes.csproj", "{0898DA03-0120-CF8F-9E11-75FEAC13E8F1}"
EndProject
Project("{FAE04EC0-301F-11D3-BF4B-00C04F79EFBC}") = "AK.Wwise.Unity.MonoBehaviour", "AK.Wwise.Unity.MonoBehaviour.csproj", "{C152BB9A-4FB0-F853-4825-86BE1085B2A7}"
EndProject
Project("{FAE04EC0-301F-11D3-BF4B-00C04F79EFBC}") = "AK.Wwise.Unity.API", "AK.Wwise.Unity.API.csproj", "{9ECFF2E6-FB62-F93C-C257-23603D156953}"
EndProject
Project("{FAE04EC0-301F-11D3-BF4B-00C04F79EFBC}") = "QFSW.QC", "QFSW.QC.csproj", "{4626F7B1-286F-340A-790E-DF86AA893098}"
EndProject
Project("{FAE04EC0-301F-11D3-BF4B-00C04F79EFBC}") = "Assembly-CSharp", "Assembly-CSharp.csproj", "{45D6B4F5-333D-D1EC-CA37-66B77D8CB27C}"
EndProject
Project("{FAE04EC0-301F-11D3-BF4B-00C04F79EFBC}") = "QFSW.QC.Suggestors", "QFSW.QC.Suggestors.csproj", "{F6F57E85-372E-6F8C-D0A8-D0367289553B}"
EndProject
Project("{FAE04EC0-301F-11D3-BF4B-00C04F79EFBC}") = "QFSW.QC.Extras", "QFSW.QC.Extras.csproj", "{07DBE1EB-668E-1975-7DA1-62325172A16E}"
EndProject
Project("{FAE04EC0-301F-11D3-BF4B-00C04F79EFBC}") = "QFSW.QC.Serializers", "QFSW.QC.Serializers.csproj", "{BA6E6ED6-4854-9FB9-14A3-315F24848809}"
EndProject
Project("{FAE04EC0-301F-11D3-BF4B-00C04F79EFBC}") = "QFSW.QC.UI", "QFSW.QC.UI.csproj", "{EA89E9E3-9569-6FF6-4543-9F600F0CB771}"
EndProject
Project("{FAE04EC0-301F-11D3-BF4B-00C04F79EFBC}") = "AK.Wwise.Unity.Timeline", "AK.Wwise.Unity.Timeline.csproj", "{E44FFDA8-CED8-06D6-D35C-50B4AAA92902}"
EndProject
Project("{FAE04EC0-301F-11D3-BF4B-00C04F79EFBC}") = "QFSW.QC.Demo", "QFSW.QC.Demo.csproj", "{E5EACEBF-3D62-36D1-78E2-B0161D0F103F}"
EndProject
Project("{FAE04EC0-301F-11D3-BF4B-00C04F79EFBC}") = "QFSW.QC.Parsers", "QFSW.QC.Parsers.csproj", "{C4FCA15A-E646-ABED-4172-EBAA2F784A69}"
EndProject
Project("{FAE04EC0-301F-11D3-BF4B-00C04F79EFBC}") = "Ak.Wwise.Api.WAAPI", "Ak.Wwise.Api.WAAPI.csproj", "{FFE5D026-F9BE-D9C0-8BB0-D29079797F6C}"
EndProject
Project("{FAE04EC0-301F-11D3-BF4B-00C04F79EFBC}") = "QFSW.QC.ScanRules", "QFSW.QC.ScanRules.csproj", "{9ED7FA16-0778-F350-BCD3-6FE0FDB0B53F}"
EndProject
Project("{FAE04EC0-301F-11D3-BF4B-00C04F79EFBC}") = "AK.Wwise.Unity.API.Editor", "AK.Wwise.Unity.API.Editor.csproj", "{D2FF0275-74D1-151D-C327-9C3E9FC595D6}"
EndProject
Project("{FAE04EC0-301F-11D3-BF4B-00C04F79EFBC}") = "AK.Wwise.Unity.MonoBehaviour.Editor", "AK.Wwise.Unity.MonoBehaviour.Editor.csproj", "{A199402D-E15A-D069-6789-5D62E5E25A2E}"
EndProject
Project("{FAE04EC0-301F-11D3-BF4B-00C04F79EFBC}") = "QFSW.QC.QGUI", "QFSW.QC.QGUI.csproj", "{03C2E86F-4FDC-CE07-EF9B-44A7AA5BA33F}"
EndProject
Project("{FAE04EC0-301F-11D3-BF4B-00C04F79EFBC}") = "QFSW.QC.Editor", "QFSW.QC.Editor.csproj", "{264C2563-002D-B78A-12A6-575F44A68845}"
EndProject
Project("{FAE04EC0-301F-11D3-BF4B-00C04F79EFBC}") = "FullscreenEditor", "FullscreenEditor.csproj", "{872ECD4E-AAC0-0A51-42D3-5770C0E744A8}"
EndProject
Project("{FAE04EC0-301F-11D3-BF4B-00C04F79EFBC}") = "Assembly-CSharp-Editor-firstpass", "Assembly-CSharp-Editor-firstpass.csproj", "{95694A22-69F5-5454-90FA-59F220B1AB97}"
EndProject
Project("{FAE04EC0-301F-11D3-BF4B-00C04F79EFBC}") = "AK.Wwise.Unity.Timeline.Editor", "AK.Wwise.Unity.Timeline.Editor.csproj", "{41BD4086-F7E7-59A6-001F-B8E06C836486}"
EndProject
Project("{FAE04EC0-301F-11D3-BF4B-00C04F79EFBC}") = "QFSW.QC.Editor.Tools", "QFSW.QC.Editor.Tools.csproj", "{AD85B01F-C24D-9815-DB94-B5077D17C8CB}"
EndProject
Global
	GlobalSection(SolutionConfigurationPlatforms) = preSolution
		Debug|Any CPU = Debug|Any CPU
		Release|Any CPU = Release|Any CPU
	EndGlobalSection
	GlobalSection(ProjectConfigurationPlatforms) = postSolution
		{2CDB5991-F512-0919-DF2E-96FBE8593EC8}.Debug|Any CPU.ActiveCfg = Debug|Any CPU
		{2CDB5991-F512-0919-DF2E-96FBE8593EC8}.Debug|Any CPU.Build.0 = Debug|Any CPU
		{2CDB5991-F512-0919-DF2E-96FBE8593EC8}.Release|Any CPU.ActiveCfg = Release|Any CPU
		{2CDB5991-F512-0919-DF2E-96FBE8593EC8}.Release|Any CPU.Build.0 = Release|Any CPU
		{3AA0C933-7D48-CE3B-2FF7-1ACB6B5554A1}.Debug|Any CPU.ActiveCfg = Debug|Any CPU
		{3AA0C933-7D48-CE3B-2FF7-1ACB6B5554A1}.Debug|Any CPU.Build.0 = Debug|Any CPU
		{3AA0C933-7D48-CE3B-2FF7-1ACB6B5554A1}.Release|Any CPU.ActiveCfg = Release|Any CPU
		{3AA0C933-7D48-CE3B-2FF7-1ACB6B5554A1}.Release|Any CPU.Build.0 = Release|Any CPU
		{0898DA03-0120-CF8F-9E11-75FEAC13E8F1}.Debug|Any CPU.ActiveCfg = Debug|Any CPU
		{0898DA03-0120-CF8F-9E11-75FEAC13E8F1}.Debug|Any CPU.Build.0 = Debug|Any CPU
		{0898DA03-0120-CF8F-9E11-75FEAC13E8F1}.Release|Any CPU.ActiveCfg = Release|Any CPU
		{0898DA03-0120-CF8F-9E11-75FEAC13E8F1}.Release|Any CPU.Build.0 = Release|Any CPU
		{C152BB9A-4FB0-F853-4825-86BE1085B2A7}.Debug|Any CPU.ActiveCfg = Debug|Any CPU
		{C152BB9A-4FB0-F853-4825-86BE1085B2A7}.Debug|Any CPU.Build.0 = Debug|Any CPU
		{C152BB9A-4FB0-F853-4825-86BE1085B2A7}.Release|Any CPU.ActiveCfg = Release|Any CPU
		{C152BB9A-4FB0-F853-4825-86BE1085B2A7}.Release|Any CPU.Build.0 = Release|Any CPU
		{9ECFF2E6-FB62-F93C-C257-23603D156953}.Debug|Any CPU.ActiveCfg = Debug|Any CPU
		{9ECFF2E6-FB62-F93C-C257-23603D156953}.Debug|Any CPU.Build.0 = Debug|Any CPU
		{9ECFF2E6-FB62-F93C-C257-23603D156953}.Release|Any CPU.ActiveCfg = Release|Any CPU
		{9ECFF2E6-FB62-F93C-C257-23603D156953}.Release|Any CPU.Build.0 = Release|Any CPU
		{4626F7B1-286F-340A-790E-DF86AA893098}.Debug|Any CPU.ActiveCfg = Debug|Any CPU
		{4626F7B1-286F-340A-790E-DF86AA893098}.Debug|Any CPU.Build.0 = Debug|Any CPU
		{4626F7B1-286F-340A-790E-DF86AA893098}.Release|Any CPU.ActiveCfg = Release|Any CPU
		{4626F7B1-286F-340A-790E-DF86AA893098}.Release|Any CPU.Build.0 = Release|Any CPU
		{45D6B4F5-333D-D1EC-CA37-66B77D8CB27C}.Debug|Any CPU.ActiveCfg = Debug|Any CPU
		{45D6B4F5-333D-D1EC-CA37-66B77D8CB27C}.Debug|Any CPU.Build.0 = Debug|Any CPU
		{45D6B4F5-333D-D1EC-CA37-66B77D8CB27C}.Release|Any CPU.ActiveCfg = Release|Any CPU
		{45D6B4F5-333D-D1EC-CA37-66B77D8CB27C}.Release|Any CPU.Build.0 = Release|Any CPU
		{F6F57E85-372E-6F8C-D0A8-D0367289553B}.Debug|Any CPU.ActiveCfg = Debug|Any CPU
		{F6F57E85-372E-6F8C-D0A8-D0367289553B}.Debug|Any CPU.Build.0 = Debug|Any CPU
		{F6F57E85-372E-6F8C-D0A8-D0367289553B}.Release|Any CPU.ActiveCfg = Release|Any CPU
		{F6F57E85-372E-6F8C-D0A8-D0367289553B}.Release|Any CPU.Build.0 = Release|Any CPU
		{07DBE1EB-668E-1975-7DA1-62325172A16E}.Debug|Any CPU.ActiveCfg = Debug|Any CPU
		{07DBE1EB-668E-1975-7DA1-62325172A16E}.Debug|Any CPU.Build.0 = Debug|Any CPU
		{07DBE1EB-668E-1975-7DA1-62325172A16E}.Release|Any CPU.ActiveCfg = Release|Any CPU
		{07DBE1EB-668E-1975-7DA1-62325172A16E}.Release|Any CPU.Build.0 = Release|Any CPU
		{BA6E6ED6-4854-9FB9-14A3-315F24848809}.Debug|Any CPU.ActiveCfg = Debug|Any CPU
		{BA6E6ED6-4854-9FB9-14A3-315F24848809}.Debug|Any CPU.Build.0 = Debug|Any CPU
		{BA6E6ED6-4854-9FB9-14A3-315F24848809}.Release|Any CPU.ActiveCfg = Release|Any CPU
		{BA6E6ED6-4854-9FB9-14A3-315F24848809}.Release|Any CPU.Build.0 = Release|Any CPU
		{EA89E9E3-9569-6FF6-4543-9F600F0CB771}.Debug|Any CPU.ActiveCfg = Debug|Any CPU
		{EA89E9E3-9569-6FF6-4543-9F600F0CB771}.Debug|Any CPU.Build.0 = Debug|Any CPU
		{EA89E9E3-9569-6FF6-4543-9F600F0CB771}.Release|Any CPU.ActiveCfg = Release|Any CPU
		{EA89E9E3-9569-6FF6-4543-9F600F0CB771}.Release|Any CPU.Build.0 = Release|Any CPU
		{E44FFDA8-CED8-06D6-D35C-50B4AAA92902}.Debug|Any CPU.ActiveCfg = Debug|Any CPU
		{E44FFDA8-CED8-06D6-D35C-50B4AAA92902}.Debug|Any CPU.Build.0 = Debug|Any CPU
		{E44FFDA8-CED8-06D6-D35C-50B4AAA92902}.Release|Any CPU.ActiveCfg = Release|Any CPU
		{E44FFDA8-CED8-06D6-D35C-50B4AAA92902}.Release|Any CPU.Build.0 = Release|Any CPU
		{E5EACEBF-3D62-36D1-78E2-B0161D0F103F}.Debug|Any CPU.ActiveCfg = Debug|Any CPU
		{E5EACEBF-3D62-36D1-78E2-B0161D0F103F}.Debug|Any CPU.Build.0 = Debug|Any CPU
		{E5EACEBF-3D62-36D1-78E2-B0161D0F103F}.Release|Any CPU.ActiveCfg = Release|Any CPU
		{E5EACEBF-3D62-36D1-78E2-B0161D0F103F}.Release|Any CPU.Build.0 = Release|Any CPU
		{C4FCA15A-E646-ABED-4172-EBAA2F784A69}.Debug|Any CPU.ActiveCfg = Debug|Any CPU
		{C4FCA15A-E646-ABED-4172-EBAA2F784A69}.Debug|Any CPU.Build.0 = Debug|Any CPU
		{C4FCA15A-E646-ABED-4172-EBAA2F784A69}.Release|Any CPU.ActiveCfg = Release|Any CPU
		{C4FCA15A-E646-ABED-4172-EBAA2F784A69}.Release|Any CPU.Build.0 = Release|Any CPU
		{FFE5D026-F9BE-D9C0-8BB0-D29079797F6C}.Debug|Any CPU.ActiveCfg = Debug|Any CPU
		{FFE5D026-F9BE-D9C0-8BB0-D29079797F6C}.Debug|Any CPU.Build.0 = Debug|Any CPU
		{FFE5D026-F9BE-D9C0-8BB0-D29079797F6C}.Release|Any CPU.ActiveCfg = Release|Any CPU
		{FFE5D026-F9BE-D9C0-8BB0-D29079797F6C}.Release|Any CPU.Build.0 = Release|Any CPU
		{9ED7FA16-0778-F350-BCD3-6FE0FDB0B53F}.Debug|Any CPU.ActiveCfg = Debug|Any CPU
		{9ED7FA16-0778-F350-BCD3-6FE0FDB0B53F}.Debug|Any CPU.Build.0 = Debug|Any CPU
		{9ED7FA16-0778-F350-BCD3-6FE0FDB0B53F}.Release|Any CPU.ActiveCfg = Release|Any CPU
		{9ED7FA16-0778-F350-BCD3-6FE0FDB0B53F}.Release|Any CPU.Build.0 = Release|Any CPU
		{D2FF0275-74D1-151D-C327-9C3E9FC595D6}.Debug|Any CPU.ActiveCfg = Debug|Any CPU
		{D2FF0275-74D1-151D-C327-9C3E9FC595D6}.Debug|Any CPU.Build.0 = Debug|Any CPU
		{D2FF0275-74D1-151D-C327-9C3E9FC595D6}.Release|Any CPU.ActiveCfg = Release|Any CPU
		{D2FF0275-74D1-151D-C327-9C3E9FC595D6}.Release|Any CPU.Build.0 = Release|Any CPU
		{A199402D-E15A-D069-6789-5D62E5E25A2E}.Debug|Any CPU.ActiveCfg = Debug|Any CPU
		{A199402D-E15A-D069-6789-5D62E5E25A2E}.Debug|Any CPU.Build.0 = Debug|Any CPU
		{A199402D-E15A-D069-6789-5D62E5E25A2E}.Release|Any CPU.ActiveCfg = Release|Any CPU
		{A199402D-E15A-D069-6789-5D62E5E25A2E}.Release|Any CPU.Build.0 = Release|Any CPU
		{03C2E86F-4FDC-CE07-EF9B-44A7AA5BA33F}.Debug|Any CPU.ActiveCfg = Debug|Any CPU
		{03C2E86F-4FDC-CE07-EF9B-44A7AA5BA33F}.Debug|Any CPU.Build.0 = Debug|Any CPU
		{03C2E86F-4FDC-CE07-EF9B-44A7AA5BA33F}.Release|Any CPU.ActiveCfg = Release|Any CPU
		{03C2E86F-4FDC-CE07-EF9B-44A7AA5BA33F}.Release|Any CPU.Build.0 = Release|Any CPU
		{264C2563-002D-B78A-12A6-575F44A68845}.Debug|Any CPU.ActiveCfg = Debug|Any CPU
		{264C2563-002D-B78A-12A6-575F44A68845}.Debug|Any CPU.Build.0 = Debug|Any CPU
		{264C2563-002D-B78A-12A6-575F44A68845}.Release|Any CPU.ActiveCfg = Release|Any CPU
		{264C2563-002D-B78A-12A6-575F44A68845}.Release|Any CPU.Build.0 = Release|Any CPU
		{872ECD4E-AAC0-0A51-42D3-5770C0E744A8}.Debug|Any CPU.ActiveCfg = Debug|Any CPU
		{872ECD4E-AAC0-0A51-42D3-5770C0E744A8}.Debug|Any CPU.Build.0 = Debug|Any CPU
		{872ECD4E-AAC0-0A51-42D3-5770C0E744A8}.Release|Any CPU.ActiveCfg = Release|Any CPU
		{872ECD4E-AAC0-0A51-42D3-5770C0E744A8}.Release|Any CPU.Build.0 = Release|Any CPU
		{95694A22-69F5-5454-90FA-59F220B1AB97}.Debug|Any CPU.ActiveCfg = Debug|Any CPU
		{95694A22-69F5-5454-90FA-59F220B1AB97}.Debug|Any CPU.Build.0 = Debug|Any CPU
		{95694A22-69F5-5454-90FA-59F220B1AB97}.Release|Any CPU.ActiveCfg = Release|Any CPU
		{95694A22-69F5-5454-90FA-59F220B1AB97}.Release|Any CPU.Build.0 = Release|Any CPU
		{41BD4086-F7E7-59A6-001F-B8E06C836486}.Debug|Any CPU.ActiveCfg = Debug|Any CPU
		{41BD4086-F7E7-59A6-001F-B8E06C836486}.Debug|Any CPU.Build.0 = Debug|Any CPU
		{41BD4086-F7E7-59A6-001F-B8E06C836486}.Release|Any CPU.ActiveCfg = Release|Any CPU
		{41BD4086-F7E7-59A6-001F-B8E06C836486}.Release|Any CPU.Build.0 = Release|Any CPU
		{AD85B01F-C24D-9815-DB94-B5077D17C8CB}.Debug|Any CPU.ActiveCfg = Debug|Any CPU
		{AD85B01F-C24D-9815-DB94-B5077D17C8CB}.Debug|Any CPU.Build.0 = Debug|Any CPU
		{AD85B01F-C24D-9815-DB94-B5077D17C8CB}.Release|Any CPU.ActiveCfg = Release|Any CPU
		{AD85B01F-C24D-9815-DB94-B5077D17C8CB}.Release|Any CPU.Build.0 = Release|Any CPU
	EndGlobalSection
	GlobalSection(SolutionProperties) = preSolution
		HideSolutionNode = FALSE
	EndGlobalSection
EndGlobal
